// !$*UTF8*$!
{
	archiveVersion = 1;
	classes = {
	};
	objectVersion = 51;
	objects = {

/* Begin PBXBuildFile section */
		4343B33ADFE204F9C0E1D66F /* Pods_InstaClone.framework in Frameworks */ = {isa = PBXBuildFile; fileRef = 58CDF39BB81E148475094CA9 /* Pods_InstaClone.framework */; };
		9DF8766A2539D5870052C8B3 /* AppCoordinator.swift in Sources */ = {isa = PBXBuildFile; fileRef = 9DF876692539D5870052C8B3 /* AppCoordinator.swift */; };
		9DF8766D2539D8AE0052C8B3 /* DependencyContainer.swift in Sources */ = {isa = PBXBuildFile; fileRef = 9DF8766C2539D8AD0052C8B3 /* DependencyContainer.swift */; };
		9DF876702539DE930052C8B3 /* TabBarViewController.swift in Sources */ = {isa = PBXBuildFile; fileRef = 9DF8766F2539DE930052C8B3 /* TabBarViewController.swift */; };
		9DF876722539DF1C0052C8B3 /* TabBarCoordinator.swift in Sources */ = {isa = PBXBuildFile; fileRef = 9DF876712539DF1B0052C8B3 /* TabBarCoordinator.swift */; };
		9DF876742539E0520052C8B3 /* CoordinatorFactory.swift in Sources */ = {isa = PBXBuildFile; fileRef = 9DF876732539E0520052C8B3 /* CoordinatorFactory.swift */; };
		FA25B0342542D64500F91963 /* HomeFeedViewController.swift in Sources */ = {isa = PBXBuildFile; fileRef = FA25B0332542D64500F91963 /* HomeFeedViewController.swift */; };
		FA25B0372542D9FA00F91963 /* HomeFeedViewModelFactory.swift in Sources */ = {isa = PBXBuildFile; fileRef = FA25B0362542D9FA00F91963 /* HomeFeedViewModelFactory.swift */; };
		FA2C5CEB253F186100680545 /* HomeFeedCoordinator.swift in Sources */ = {isa = PBXBuildFile; fileRef = FA2C5CEA253F186100680545 /* HomeFeedCoordinator.swift */; };
		FA2C5CF1253F1C5000680545 /* HomeFeedView.swift in Sources */ = {isa = PBXBuildFile; fileRef = FA2C5CF0253F1C5000680545 /* HomeFeedView.swift */; };
		FA2C5CF5253F1C9600680545 /* HomeFeedViewModel.swift in Sources */ = {isa = PBXBuildFile; fileRef = FA2C5CF4253F1C9600680545 /* HomeFeedViewModel.swift */; };
		FADC47C6252B4A1600F1498B /* AppDelegate.swift in Sources */ = {isa = PBXBuildFile; fileRef = FADC47C5252B4A1600F1498B /* AppDelegate.swift */; };
		FADC47C8252B4A1600F1498B /* SceneDelegate.swift in Sources */ = {isa = PBXBuildFile; fileRef = FADC47C7252B4A1600F1498B /* SceneDelegate.swift */; };
		FADC47CF252B4A1800F1498B /* Assets.xcassets in Resources */ = {isa = PBXBuildFile; fileRef = FADC47CE252B4A1800F1498B /* Assets.xcassets */; };
		FADC47D2252B4A1800F1498B /* LaunchScreen.storyboard in Resources */ = {isa = PBXBuildFile; fileRef = FADC47D0252B4A1800F1498B /* LaunchScreen.storyboard */; };
		FAE22AB0252B528B00F66E31 /* Coordinator.swift in Sources */ = {isa = PBXBuildFile; fileRef = FAE22AAF252B528B00F66E31 /* Coordinator.swift */; };
/* End PBXBuildFile section */

/* Begin PBXFileReference section */
		2DCC2DB84B39CB0625D5764F /* Pods-InstaClone.release.xcconfig */ = {isa = PBXFileReference; includeInIndex = 1; lastKnownFileType = text.xcconfig; name = "Pods-InstaClone.release.xcconfig"; path = "Target Support Files/Pods-InstaClone/Pods-InstaClone.release.xcconfig"; sourceTree = "<group>"; };
		58CDF39BB81E148475094CA9 /* Pods_InstaClone.framework */ = {isa = PBXFileReference; explicitFileType = wrapper.framework; includeInIndex = 0; path = Pods_InstaClone.framework; sourceTree = BUILT_PRODUCTS_DIR; };
		9DF876692539D5870052C8B3 /* AppCoordinator.swift */ = {isa = PBXFileReference; lastKnownFileType = sourcecode.swift; path = AppCoordinator.swift; sourceTree = "<group>"; };
		9DF8766C2539D8AD0052C8B3 /* DependencyContainer.swift */ = {isa = PBXFileReference; lastKnownFileType = sourcecode.swift; path = DependencyContainer.swift; sourceTree = "<group>"; };
		9DF8766F2539DE930052C8B3 /* TabBarViewController.swift */ = {isa = PBXFileReference; lastKnownFileType = sourcecode.swift; path = TabBarViewController.swift; sourceTree = "<group>"; };
		9DF876712539DF1B0052C8B3 /* TabBarCoordinator.swift */ = {isa = PBXFileReference; lastKnownFileType = sourcecode.swift; path = TabBarCoordinator.swift; sourceTree = "<group>"; };
		9DF876732539E0520052C8B3 /* CoordinatorFactory.swift */ = {isa = PBXFileReference; lastKnownFileType = sourcecode.swift; path = CoordinatorFactory.swift; sourceTree = "<group>"; };
		FA25B0332542D64500F91963 /* HomeFeedViewController.swift */ = {isa = PBXFileReference; lastKnownFileType = sourcecode.swift; path = HomeFeedViewController.swift; sourceTree = "<group>"; };
		FA25B0362542D9FA00F91963 /* HomeFeedViewModelFactory.swift */ = {isa = PBXFileReference; lastKnownFileType = sourcecode.swift; path = HomeFeedViewModelFactory.swift; sourceTree = "<group>"; };
		FA2C5CEA253F186100680545 /* HomeFeedCoordinator.swift */ = {isa = PBXFileReference; lastKnownFileType = sourcecode.swift; path = HomeFeedCoordinator.swift; sourceTree = "<group>"; };
		FA2C5CF0253F1C5000680545 /* HomeFeedView.swift */ = {isa = PBXFileReference; lastKnownFileType = sourcecode.swift; path = HomeFeedView.swift; sourceTree = "<group>"; };
		FA2C5CF4253F1C9600680545 /* HomeFeedViewModel.swift */ = {isa = PBXFileReference; lastKnownFileType = sourcecode.swift; path = HomeFeedViewModel.swift; sourceTree = "<group>"; };
		FA73482310D4477DA31BB6BE /* Pods-InstaClone.debug.xcconfig */ = {isa = PBXFileReference; includeInIndex = 1; lastKnownFileType = text.xcconfig; name = "Pods-InstaClone.debug.xcconfig"; path = "Target Support Files/Pods-InstaClone/Pods-InstaClone.debug.xcconfig"; sourceTree = "<group>"; };
		FADC47C2252B4A1600F1498B /* InstaClone.app */ = {isa = PBXFileReference; explicitFileType = wrapper.application; includeInIndex = 0; path = InstaClone.app; sourceTree = BUILT_PRODUCTS_DIR; };
		FADC47C5252B4A1600F1498B /* AppDelegate.swift */ = {isa = PBXFileReference; lastKnownFileType = sourcecode.swift; path = AppDelegate.swift; sourceTree = "<group>"; };
		FADC47C7252B4A1600F1498B /* SceneDelegate.swift */ = {isa = PBXFileReference; lastKnownFileType = sourcecode.swift; path = SceneDelegate.swift; sourceTree = "<group>"; };
		FADC47CE252B4A1800F1498B /* Assets.xcassets */ = {isa = PBXFileReference; lastKnownFileType = folder.assetcatalog; path = Assets.xcassets; sourceTree = "<group>"; };
		FADC47D1252B4A1800F1498B /* Base */ = {isa = PBXFileReference; lastKnownFileType = file.storyboard; name = Base; path = Base.lproj/LaunchScreen.storyboard; sourceTree = "<group>"; };
		FADC47D3252B4A1800F1498B /* Info.plist */ = {isa = PBXFileReference; lastKnownFileType = text.plist.xml; path = Info.plist; sourceTree = "<group>"; };
		FAE22AAF252B528B00F66E31 /* Coordinator.swift */ = {isa = PBXFileReference; lastKnownFileType = sourcecode.swift; path = Coordinator.swift; sourceTree = "<group>"; };
/* End PBXFileReference section */

/* Begin PBXFrameworksBuildPhase section */
		FADC47BF252B4A1600F1498B /* Frameworks */ = {
			isa = PBXFrameworksBuildPhase;
			buildActionMask = 2147483647;
			files = (
				4343B33ADFE204F9C0E1D66F /* Pods_InstaClone.framework in Frameworks */,
			);
			runOnlyForDeploymentPostprocessing = 0;
		};
/* End PBXFrameworksBuildPhase section */

/* Begin PBXGroup section */
		0F5163B5BEEC25126D036D69 /* Frameworks */ = {
			isa = PBXGroup;
			children = (
				58CDF39BB81E148475094CA9 /* Pods_InstaClone.framework */,
			);
			name = Frameworks;
			sourceTree = "<group>";
		};
		4669E80FCC324A33E159E829 /* Pods */ = {
			isa = PBXGroup;
			children = (
				FA73482310D4477DA31BB6BE /* Pods-InstaClone.debug.xcconfig */,
				2DCC2DB84B39CB0625D5764F /* Pods-InstaClone.release.xcconfig */,
			);
			path = Pods;
			sourceTree = "<group>";
		};
		9DF876682539D57C0052C8B3 /* App */ = {
			isa = PBXGroup;
			children = (
				FADC47D0252B4A1800F1498B /* LaunchScreen.storyboard */,
				FADC47D3252B4A1800F1498B /* Info.plist */,
				FADC47C7252B4A1600F1498B /* SceneDelegate.swift */,
				FADC47C5252B4A1600F1498B /* AppDelegate.swift */,
				FAE22AAF252B528B00F66E31 /* Coordinator.swift */,
				9DF876692539D5870052C8B3 /* AppCoordinator.swift */,
			);
			path = App;
			sourceTree = "<group>";
		};
		9DF8766B2539D89F0052C8B3 /* DependencyManagement */ = {
			isa = PBXGroup;
			children = (
				9DF8766C2539D8AD0052C8B3 /* DependencyContainer.swift */,
				9DF876752539E1C10052C8B3 /* Factories */,
			);
			path = DependencyManagement;
			sourceTree = "<group>";
		};
		9DF8766E2539DE510052C8B3 /* TabBar */ = {
			isa = PBXGroup;
			children = (
				9DF8766F2539DE930052C8B3 /* TabBarViewController.swift */,
				9DF876712539DF1B0052C8B3 /* TabBarCoordinator.swift */,
			);
			path = TabBar;
			sourceTree = "<group>";
		};
		9DF876752539E1C10052C8B3 /* Factories */ = {
			isa = PBXGroup;
			children = (
				9DF876732539E0520052C8B3 /* CoordinatorFactory.swift */,
				FA25B0362542D9FA00F91963 /* HomeFeedViewModelFactory.swift */,
			);
			path = Factories;
			sourceTree = "<group>";
		};
		FA2C5CE9253F184C00680545 /* HomeFeed */ = {
			isa = PBXGroup;
			children = (
				FA2C5CEA253F186100680545 /* HomeFeedCoordinator.swift */,
				FA2C5CF0253F1C5000680545 /* HomeFeedView.swift */,
				FA2C5CF4253F1C9600680545 /* HomeFeedViewModel.swift */,
				FA25B0332542D64500F91963 /* HomeFeedViewController.swift */,
			);
			path = HomeFeed;
			sourceTree = "<group>";
		};
		FADC47B9252B4A1600F1498B = {
			isa = PBXGroup;
			children = (
				FADC47C4252B4A1600F1498B /* InstaClone */,
				FADC47C3252B4A1600F1498B /* Products */,
				4669E80FCC324A33E159E829 /* Pods */,
				0F5163B5BEEC25126D036D69 /* Frameworks */,
			);
			sourceTree = "<group>";
		};
		FADC47C3252B4A1600F1498B /* Products */ = {
			isa = PBXGroup;
			children = (
				FADC47C2252B4A1600F1498B /* InstaClone.app */,
			);
			name = Products;
			sourceTree = "<group>";
		};
		FADC47C4252B4A1600F1498B /* InstaClone */ = {
			isa = PBXGroup;
			children = (
				9DF8766B2539D89F0052C8B3 /* DependencyManagement */,
				9DF876682539D57C0052C8B3 /* App */,
				FAE22AAC252B51D300F66E31 /* Assets */,
				FAE22AAD252B51ED00F66E31 /* Modules */,
			);
			path = InstaClone;
			sourceTree = "<group>";
		};
		FAE22AAC252B51D300F66E31 /* Assets */ = {
			isa = PBXGroup;
			children = (
				FADC47CE252B4A1800F1498B /* Assets.xcassets */,
			);
			path = Assets;
			sourceTree = "<group>";
		};
		FAE22AAD252B51ED00F66E31 /* Modules */ = {
			isa = PBXGroup;
			children = (
				FA2C5CE9253F184C00680545 /* HomeFeed */,
				9DF8766E2539DE510052C8B3 /* TabBar */,
			);
			path = Modules;
			sourceTree = "<group>";
		};
/* End PBXGroup section */

/* Begin PBXNativeTarget section */
		FADC47C1252B4A1600F1498B /* InstaClone */ = {
			isa = PBXNativeTarget;
			buildConfigurationList = FADC47D6252B4A1800F1498B /* Build configuration list for PBXNativeTarget "InstaClone" */;
			buildPhases = (
				B9FA88D655707690EA4A7900 /* [CP] Check Pods Manifest.lock */,
				FADC47BE252B4A1600F1498B /* Sources */,
				FADC47BF252B4A1600F1498B /* Frameworks */,
				FADC47C0252B4A1600F1498B /* Resources */,
				D908E32526A805398A372C90 /* [CP] Embed Pods Frameworks */,
			);
			buildRules = (
			);
			dependencies = (
			);
			name = InstaClone;
			productName = InstaClone;
			productReference = FADC47C2252B4A1600F1498B /* InstaClone.app */;
			productType = "com.apple.product-type.application";
		};
/* End PBXNativeTarget section */

/* Begin PBXProject section */
		FADC47BA252B4A1600F1498B /* Project object */ = {
			isa = PBXProject;
			attributes = {
				LastSwiftUpdateCheck = 1160;
				LastUpgradeCheck = 1160;
				ORGANIZATIONNAME = "Bartosz Raczka Development";
				TargetAttributes = {
					FADC47C1252B4A1600F1498B = {
						CreatedOnToolsVersion = 11.6;
					};
				};
			};
			buildConfigurationList = FADC47BD252B4A1600F1498B /* Build configuration list for PBXProject "InstaClone" */;
			compatibilityVersion = "Xcode 9.3";
			developmentRegion = en;
			hasScannedForEncodings = 0;
			knownRegions = (
				en,
				Base,
			);
			mainGroup = FADC47B9252B4A1600F1498B;
			productRefGroup = FADC47C3252B4A1600F1498B /* Products */;
			projectDirPath = "";
			projectRoot = "";
			targets = (
				FADC47C1252B4A1600F1498B /* InstaClone */,
			);
		};
/* End PBXProject section */

/* Begin PBXResourcesBuildPhase section */
		FADC47C0252B4A1600F1498B /* Resources */ = {
			isa = PBXResourcesBuildPhase;
			buildActionMask = 2147483647;
			files = (
				FADC47D2252B4A1800F1498B /* LaunchScreen.storyboard in Resources */,
				FADC47CF252B4A1800F1498B /* Assets.xcassets in Resources */,
			);
			runOnlyForDeploymentPostprocessing = 0;
		};
/* End PBXResourcesBuildPhase section */

/* Begin PBXShellScriptBuildPhase section */
		B9FA88D655707690EA4A7900 /* [CP] Check Pods Manifest.lock */ = {
			isa = PBXShellScriptBuildPhase;
			buildActionMask = 2147483647;
			files = (
			);
			inputFileListPaths = (
			);
			inputPaths = (
				"${PODS_PODFILE_DIR_PATH}/Podfile.lock",
				"${PODS_ROOT}/Manifest.lock",
			);
			name = "[CP] Check Pods Manifest.lock";
			outputFileListPaths = (
			);
			outputPaths = (
				"$(DERIVED_FILE_DIR)/Pods-InstaClone-checkManifestLockResult.txt",
			);
			runOnlyForDeploymentPostprocessing = 0;
			shellPath = /bin/sh;
			shellScript = "diff \"${PODS_PODFILE_DIR_PATH}/Podfile.lock\" \"${PODS_ROOT}/Manifest.lock\" > /dev/null\nif [ $? != 0 ] ; then\n    # print error to STDERR\n    echo \"error: The sandbox is not in sync with the Podfile.lock. Run 'pod install' or update your CocoaPods installation.\" >&2\n    exit 1\nfi\n# This output is used by Xcode 'outputs' to avoid re-running this script phase.\necho \"SUCCESS\" > \"${SCRIPT_OUTPUT_FILE_0}\"\n";
			showEnvVarsInLog = 0;
		};
		D908E32526A805398A372C90 /* [CP] Embed Pods Frameworks */ = {
			isa = PBXShellScriptBuildPhase;
			buildActionMask = 2147483647;
			files = (
			);
			inputFileListPaths = (
				"${PODS_ROOT}/Target Support Files/Pods-InstaClone/Pods-InstaClone-frameworks-${CONFIGURATION}-input-files.xcfilelist",
			);
			name = "[CP] Embed Pods Frameworks";
			outputFileListPaths = (
				"${PODS_ROOT}/Target Support Files/Pods-InstaClone/Pods-InstaClone-frameworks-${CONFIGURATION}-output-files.xcfilelist",
			);
			runOnlyForDeploymentPostprocessing = 0;
			shellPath = /bin/sh;
			shellScript = "\"${PODS_ROOT}/Target Support Files/Pods-InstaClone/Pods-InstaClone-frameworks.sh\"\n";
			showEnvVarsInLog = 0;
		};
/* End PBXShellScriptBuildPhase section */

/* Begin PBXSourcesBuildPhase section */
		FADC47BE252B4A1600F1498B /* Sources */ = {
			isa = PBXSourcesBuildPhase;
			buildActionMask = 2147483647;
			files = (
				FA2C5CF1253F1C5000680545 /* HomeFeedView.swift in Sources */,
				9DF876702539DE930052C8B3 /* TabBarViewController.swift in Sources */,
				FAE22AB0252B528B00F66E31 /* Coordinator.swift in Sources */,
				9DF8766A2539D5870052C8B3 /* AppCoordinator.swift in Sources */,
				9DF876722539DF1C0052C8B3 /* TabBarCoordinator.swift in Sources */,
				FADC47C6252B4A1600F1498B /* AppDelegate.swift in Sources */,
				9DF8766D2539D8AE0052C8B3 /* DependencyContainer.swift in Sources */,
				FADC47C8252B4A1600F1498B /* SceneDelegate.swift in Sources */,
				FA2C5CF5253F1C9600680545 /* HomeFeedViewModel.swift in Sources */,
				FA25B0372542D9FA00F91963 /* HomeFeedViewModelFactory.swift in Sources */,
				9DF876742539E0520052C8B3 /* CoordinatorFactory.swift in Sources */,
				FA2C5CEB253F186100680545 /* HomeFeedCoordinator.swift in Sources */,
				FA25B0342542D64500F91963 /* HomeFeedViewController.swift in Sources */,
			);
			runOnlyForDeploymentPostprocessing = 0;
		};
/* End PBXSourcesBuildPhase section */

/* Begin PBXVariantGroup section */
		FADC47D0252B4A1800F1498B /* LaunchScreen.storyboard */ = {
			isa = PBXVariantGroup;
			children = (
				FADC47D1252B4A1800F1498B /* Base */,
			);
			name = LaunchScreen.storyboard;
			sourceTree = "<group>";
		};
/* End PBXVariantGroup section */

/* Begin XCBuildConfiguration section */
		FADC47D4252B4A1800F1498B /* Debug */ = {
			isa = XCBuildConfiguration;
			buildSettings = {
				ALWAYS_SEARCH_USER_PATHS = NO;
				CLANG_ANALYZER_NONNULL = YES;
				CLANG_ANALYZER_NUMBER_OBJECT_CONVERSION = YES_AGGRESSIVE;
				CLANG_CXX_LANGUAGE_STANDARD = "gnu++14";
				CLANG_CXX_LIBRARY = "libc++";
				CLANG_ENABLE_MODULES = YES;
				CLANG_ENABLE_OBJC_ARC = YES;
				CLANG_ENABLE_OBJC_WEAK = YES;
				CLANG_WARN_BLOCK_CAPTURE_AUTORELEASING = YES;
				CLANG_WARN_BOOL_CONVERSION = YES;
				CLANG_WARN_COMMA = YES;
				CLANG_WARN_CONSTANT_CONVERSION = YES;
				CLANG_WARN_DEPRECATED_OBJC_IMPLEMENTATIONS = YES;
				CLANG_WARN_DIRECT_OBJC_ISA_USAGE = YES_ERROR;
				CLANG_WARN_DOCUMENTATION_COMMENTS = YES;
				CLANG_WARN_EMPTY_BODY = YES;
				CLANG_WARN_ENUM_CONVERSION = YES;
				CLANG_WARN_INFINITE_RECURSION = YES;
				CLANG_WARN_INT_CONVERSION = YES;
				CLANG_WARN_NON_LITERAL_NULL_CONVERSION = YES;
				CLANG_WARN_OBJC_IMPLICIT_RETAIN_SELF = YES;
				CLANG_WARN_OBJC_LITERAL_CONVERSION = YES;
				CLANG_WARN_OBJC_ROOT_CLASS = YES_ERROR;
				CLANG_WARN_RANGE_LOOP_ANALYSIS = YES;
				CLANG_WARN_STRICT_PROTOTYPES = YES;
				CLANG_WARN_SUSPICIOUS_MOVE = YES;
				CLANG_WARN_UNGUARDED_AVAILABILITY = YES_AGGRESSIVE;
				CLANG_WARN_UNREACHABLE_CODE = YES;
				CLANG_WARN__DUPLICATE_METHOD_MATCH = YES;
				COPY_PHASE_STRIP = NO;
				DEBUG_INFORMATION_FORMAT = dwarf;
				ENABLE_STRICT_OBJC_MSGSEND = YES;
				ENABLE_TESTABILITY = YES;
				GCC_C_LANGUAGE_STANDARD = gnu11;
				GCC_DYNAMIC_NO_PIC = NO;
				GCC_NO_COMMON_BLOCKS = YES;
				GCC_OPTIMIZATION_LEVEL = 0;
				GCC_PREPROCESSOR_DEFINITIONS = (
					"DEBUG=1",
					"$(inherited)",
				);
				GCC_WARN_64_TO_32_BIT_CONVERSION = YES;
				GCC_WARN_ABOUT_RETURN_TYPE = YES_ERROR;
				GCC_WARN_UNDECLARED_SELECTOR = YES;
				GCC_WARN_UNINITIALIZED_AUTOS = YES_AGGRESSIVE;
				GCC_WARN_UNUSED_FUNCTION = YES;
				GCC_WARN_UNUSED_VARIABLE = YES;
				IPHONEOS_DEPLOYMENT_TARGET = 13.6;
				MTL_ENABLE_DEBUG_INFO = INCLUDE_SOURCE;
				MTL_FAST_MATH = YES;
				ONLY_ACTIVE_ARCH = YES;
				SDKROOT = iphoneos;
				SWIFT_ACTIVE_COMPILATION_CONDITIONS = DEBUG;
				SWIFT_OPTIMIZATION_LEVEL = "-Onone";
			};
			name = Debug;
		};
		FADC47D5252B4A1800F1498B /* Release */ = {
			isa = XCBuildConfiguration;
			buildSettings = {
				ALWAYS_SEARCH_USER_PATHS = NO;
				CLANG_ANALYZER_NONNULL = YES;
				CLANG_ANALYZER_NUMBER_OBJECT_CONVERSION = YES_AGGRESSIVE;
				CLANG_CXX_LANGUAGE_STANDARD = "gnu++14";
				CLANG_CXX_LIBRARY = "libc++";
				CLANG_ENABLE_MODULES = YES;
				CLANG_ENABLE_OBJC_ARC = YES;
				CLANG_ENABLE_OBJC_WEAK = YES;
				CLANG_WARN_BLOCK_CAPTURE_AUTORELEASING = YES;
				CLANG_WARN_BOOL_CONVERSION = YES;
				CLANG_WARN_COMMA = YES;
				CLANG_WARN_CONSTANT_CONVERSION = YES;
				CLANG_WARN_DEPRECATED_OBJC_IMPLEMENTATIONS = YES;
				CLANG_WARN_DIRECT_OBJC_ISA_USAGE = YES_ERROR;
				CLANG_WARN_DOCUMENTATION_COMMENTS = YES;
				CLANG_WARN_EMPTY_BODY = YES;
				CLANG_WARN_ENUM_CONVERSION = YES;
				CLANG_WARN_INFINITE_RECURSION = YES;
				CLANG_WARN_INT_CONVERSION = YES;
				CLANG_WARN_NON_LITERAL_NULL_CONVERSION = YES;
				CLANG_WARN_OBJC_IMPLICIT_RETAIN_SELF = YES;
				CLANG_WARN_OBJC_LITERAL_CONVERSION = YES;
				CLANG_WARN_OBJC_ROOT_CLASS = YES_ERROR;
				CLANG_WARN_RANGE_LOOP_ANALYSIS = YES;
				CLANG_WARN_STRICT_PROTOTYPES = YES;
				CLANG_WARN_SUSPICIOUS_MOVE = YES;
				CLANG_WARN_UNGUARDED_AVAILABILITY = YES_AGGRESSIVE;
				CLANG_WARN_UNREACHABLE_CODE = YES;
				CLANG_WARN__DUPLICATE_METHOD_MATCH = YES;
				COPY_PHASE_STRIP = NO;
				DEBUG_INFORMATION_FORMAT = "dwarf-with-dsym";
				ENABLE_NS_ASSERTIONS = NO;
				ENABLE_STRICT_OBJC_MSGSEND = YES;
				GCC_C_LANGUAGE_STANDARD = gnu11;
				GCC_NO_COMMON_BLOCKS = YES;
				GCC_WARN_64_TO_32_BIT_CONVERSION = YES;
				GCC_WARN_ABOUT_RETURN_TYPE = YES_ERROR;
				GCC_WARN_UNDECLARED_SELECTOR = YES;
				GCC_WARN_UNINITIALIZED_AUTOS = YES_AGGRESSIVE;
				GCC_WARN_UNUSED_FUNCTION = YES;
				GCC_WARN_UNUSED_VARIABLE = YES;
				IPHONEOS_DEPLOYMENT_TARGET = 13.6;
				MTL_ENABLE_DEBUG_INFO = NO;
				MTL_FAST_MATH = YES;
				SDKROOT = iphoneos;
				SWIFT_COMPILATION_MODE = wholemodule;
				SWIFT_OPTIMIZATION_LEVEL = "-O";
				VALIDATE_PRODUCT = YES;
			};
			name = Release;
		};
		FADC47D7252B4A1800F1498B /* Debug */ = {
			isa = XCBuildConfiguration;
			baseConfigurationReference = FA73482310D4477DA31BB6BE /* Pods-InstaClone.debug.xcconfig */;
			buildSettings = {
				ASSETCATALOG_COMPILER_APPICON_NAME = AppIcon;
				CODE_SIGN_STYLE = Automatic;
				DEVELOPMENT_TEAM = AKH6VC33BS;
				INFOPLIST_FILE = InstaClone/App/Info.plist;
				LD_RUNPATH_SEARCH_PATHS = (
					"$(inherited)",
					"@executable_path/Frameworks",
				);
				PRODUCT_BUNDLE_IDENTIFIER = "Bartosz-Raczka-Development.InstaClone";
				PRODUCT_NAME = "$(TARGET_NAME)";
				SWIFT_VERSION = 5.0;
				TARGETED_DEVICE_FAMILY = "1,2";
			};
			name = Debug;
		};
		FADC47D8252B4A1800F1498B /* Release */ = {
			isa = XCBuildConfiguration;
			baseConfigurationReference = 2DCC2DB84B39CB0625D5764F /* Pods-InstaClone.release.xcconfig */;
			buildSettings = {
				ASSETCATALOG_COMPILER_APPICON_NAME = AppIcon;
				CODE_SIGN_STYLE = Automatic;
				DEVELOPMENT_TEAM = LWZ7TCP895;
				INFOPLIST_FILE = InstaClone/App/Info.plist;
				LD_RUNPATH_SEARCH_PATHS = (
					"$(inherited)",
					"@executable_path/Frameworks",
				);
				PRODUCT_BUNDLE_IDENTIFIER = "Bartosz-Raczka-Development.InstaClone";
				PRODUCT_NAME = "$(TARGET_NAME)";
				SWIFT_VERSION = 5.0;
				TARGETED_DEVICE_FAMILY = "1,2";
			};
			name = Release;
		};
/* End XCBuildConfiguration section */

/* Begin XCConfigurationList section */
		FADC47BD252B4A1600F1498B /* Build configuration list for PBXProject "InstaClone" */ = {
			isa = XCConfigurationList;
			buildConfigurations = (
				FADC47D4252B4A1800F1498B /* Debug */,
				FADC47D5252B4A1800F1498B /* Release */,
			);
			defaultConfigurationIsVisible = 0;
			defaultConfigurationName = Release;
		};
		FADC47D6252B4A1800F1498B /* Build configuration list for PBXNativeTarget "InstaClone" */ = {
			isa = XCConfigurationList;
			buildConfigurations = (
				FADC47D7252B4A1800F1498B /* Debug */,
				FADC47D8252B4A1800F1498B /* Release */,
			);
			defaultConfigurationIsVisible = 0;
			defaultConfigurationName = Release;
		};
/* End XCConfigurationList section */
	};
	rootObject = FADC47BA252B4A1600F1498B /* Project object */;
}
